{
  "name": "demo",
  "version": "1.0.0",
  "lockfileVersion": 1,
  "requires": true,
  "dependencies": {
    "clientside-require": {
      "version": "4.3.0",
      "resolved": "https://registry.npmjs.org/clientside-require/-/clientside-require-4.3.0.tgz",
      "integrity": "sha512-LV8HfoUNFPoy5xKcyFGcQp86VEbtJ8blP8eHVoqS8l1ujb0Sk9vtGGPu0uhU8ikIN8nsU1M2PnnxBbyylejddA=="
    },
    "clientside-view-loader": {
      "version": "1.3.4",
      "resolved": "https://registry.npmjs.org/clientside-view-loader/-/clientside-view-loader-1.3.4.tgz",
      "integrity": "sha512-m+sgh5YwG0HPzy3CJ7DEuCpgp8Qtj9xsBjPn22yR1SqlDltWm6u5DaYb+IkWiR3fW0WAuPDkSNTgcrMjoBbbhg==",
      "requires": {
        "clientside-require": "4.3.0"
      }
    },
    "clientside-view-responsive-header": {
      "version": "1.0.0",
      "resolved": "https://registry.npmjs.org/clientside-view-responsive-header/-/clientside-view-responsive-header-1.0.0.tgz",
      "integrity": "sha512-yj2N9yumI864SlZ4TspkKzMtNMeFc4O3vMdX4uUwRiUpx5r1ZGQBDDeMJ7JcXTN1JLV24GzLYDrPlQYwQSu3Mg==",
      "requires": {
        "clientside-require": "4.3.0",
        "clientside-view-loader": "1.3.4"
      }
    }
  }
}
